
Microsoft Visual Studio Solution File, Format Version 12.00
# Visual Studio Version 16
VisualStudioVersion = 16.0.29009.5
MinimumVisualStudioVersion = 10.0.40219.1
Project("{9A19103F-16F7-4668-BE54-9A1E7A4F7556}") = "ActivityReservation", "ActivityReservation\ActivityReservation.csproj", "{E6DA99DC-9F73-49EB-AC8C-6DA2A7D35CF1}"
EndProject
Project("{9A19103F-16F7-4668-BE54-9A1E7A4F7556}") = "ActivityReservation.AdminLogic", "ActivityReservation.AdminLogic\ActivityReservation.AdminLogic.csproj", "{BC7ECC0B-DFDA-4090-A5D0-AE536F9B14D5}"
EndProject
Project("{2150E333-8FDC-42A3-9474-1A3956D46DE8}") = "00Solution Items", "00Solution Items", "{DDD30A8E-158F-4927-93AB-A88B69252EB4}"
	ProjectSection(SolutionItems) = preProject
		README.md = README.md
	EndProjectSection
EndProject
Project("{9A19103F-16F7-4668-BE54-9A1E7A4F7556}") = "ActivityReservation.WechatAPI", "ActivityReservation.WechatAPI\ActivityReservation.WechatAPI.csproj", "{47FEBE19-41F7-44B2-94A9-00E2C31AA626}"
EndProject
Project("{9A19103F-16F7-4668-BE54-9A1E7A4F7556}") = "ActivityReservation.Helper", "ActivityReservation.Helper\ActivityReservation.Helper.csproj", "{5848D1B2-49A2-4D82-AFAA-B4E6A8079FF0}"
EndProject
Project("{2150E333-8FDC-42A3-9474-1A3956D46DE8}") = "01UI", "01UI", "{3D9E34B5-4644-41E2-ADF2-49B3FF8A0084}"
EndProject
Project("{2150E333-8FDC-42A3-9474-1A3956D46DE8}") = "02Logic", "02Logic", "{25F466A7-EDB0-492E-8902-0A757720E0FD}"
EndProject
Project("{2150E333-8FDC-42A3-9474-1A3956D46DE8}") = "03Business", "03Business", "{030D6CEB-2BC4-4A5B-BCFC-638355AC1E7B}"
EndProject
Project("{2150E333-8FDC-42A3-9474-1A3956D46DE8}") = "04DataAccess", "04DataAccess", "{77A88758-A8DC-4D51-995B-7E2310FDE975}"
EndProject
Project("{2150E333-8FDC-42A3-9474-1A3956D46DE8}") = "05Model", "05Model", "{E46B9165-C6B7-405A-AD9D-49A140A23246}"
EndProject
Project("{2150E333-8FDC-42A3-9474-1A3956D46DE8}") = "06Common", "06Common", "{29232CDB-09F5-4865-A658-357B7434889E}"
EndProject
Project("{9A19103F-16F7-4668-BE54-9A1E7A4F7556}") = "ActivityReservation.Common", "ActivityReservation.Common\ActivityReservation.Common.csproj", "{F027E4A9-08CE-4C1F-9A1F-C52388466D08}"
EndProject
Project("{9A19103F-16F7-4668-BE54-9A1E7A4F7556}") = "ActivityReservation.Models", "ActivityReservation.Models\ActivityReservation.Models.csproj", "{82EDF7EA-8C0D-4AC2-B567-38FAE6FAA3DC}"
EndProject
Project("{9A19103F-16F7-4668-BE54-9A1E7A4F7556}") = "ActivityReservation.Database", "ActivityReservation.DataAccess\ActivityReservation.Database.csproj", "{D41641F8-9BF3-4984-A3A6-A5AE6518B66B}"
EndProject
Project("{9A19103F-16F7-4668-BE54-9A1E7A4F7556}") = "ActivityReservation.Business", "ActivityReservation.Business\ActivityReservation.Business.csproj", "{3F550118-51BB-4782-BB3F-3983FC56F2CC}"
EndProject
Project("{FAE04EC0-301F-11D3-BF4B-00C04F79EFBC}") = "ActivityReservation.API", "ActivityReservation.API\ActivityReservation.API.csproj", "{ED81FF93-4223-41B4-A35C-ED4C3FE7567A}"
EndProject
Global
	GlobalSection(SolutionConfigurationPlatforms) = preSolution
		Debug|Any CPU = Debug|Any CPU
		Release|Any CPU = Release|Any CPU
	EndGlobalSection
	GlobalSection(ProjectConfigurationPlatforms) = postSolution
		{E6DA99DC-9F73-49EB-AC8C-6DA2A7D35CF1}.Debug|Any CPU.ActiveCfg = Debug|Any CPU
		{E6DA99DC-9F73-49EB-AC8C-6DA2A7D35CF1}.Debug|Any CPU.Build.0 = Debug|Any CPU
		{E6DA99DC-9F73-49EB-AC8C-6DA2A7D35CF1}.Release|Any CPU.ActiveCfg = Release|Any CPU
		{E6DA99DC-9F73-49EB-AC8C-6DA2A7D35CF1}.Release|Any CPU.Build.0 = Release|Any CPU
		{BC7ECC0B-DFDA-4090-A5D0-AE536F9B14D5}.Debug|Any CPU.ActiveCfg = Debug|Any CPU
		{BC7ECC0B-DFDA-4090-A5D0-AE536F9B14D5}.Debug|Any CPU.Build.0 = Debug|Any CPU
		{BC7ECC0B-DFDA-4090-A5D0-AE536F9B14D5}.Release|Any CPU.ActiveCfg = Release|Any CPU
		{BC7ECC0B-DFDA-4090-A5D0-AE536F9B14D5}.Release|Any CPU.Build.0 = Release|Any CPU
		{47FEBE19-41F7-44B2-94A9-00E2C31AA626}.Debug|Any CPU.ActiveCfg = Debug|Any CPU
		{47FEBE19-41F7-44B2-94A9-00E2C31AA626}.Debug|Any CPU.Build.0 = Debug|Any CPU
		{47FEBE19-41F7-44B2-94A9-00E2C31AA626}.Release|Any CPU.ActiveCfg = Release|Any CPU
		{47FEBE19-41F7-44B2-94A9-00E2C31AA626}.Release|Any CPU.Build.0 = Release|Any CPU
		{5848D1B2-49A2-4D82-AFAA-B4E6A8079FF0}.Debug|Any CPU.ActiveCfg = Debug|Any CPU
		{5848D1B2-49A2-4D82-AFAA-B4E6A8079FF0}.Debug|Any CPU.Build.0 = Debug|Any CPU
		{5848D1B2-49A2-4D82-AFAA-B4E6A8079FF0}.Release|Any CPU.ActiveCfg = Release|Any CPU
		{5848D1B2-49A2-4D82-AFAA-B4E6A8079FF0}.Release|Any CPU.Build.0 = Release|Any CPU
		{F027E4A9-08CE-4C1F-9A1F-C52388466D08}.Debug|Any CPU.ActiveCfg = Debug|Any CPU
		{F027E4A9-08CE-4C1F-9A1F-C52388466D08}.Debug|Any CPU.Build.0 = Debug|Any CPU
		{F027E4A9-08CE-4C1F-9A1F-C52388466D08}.Release|Any CPU.ActiveCfg = Release|Any CPU
		{F027E4A9-08CE-4C1F-9A1F-C52388466D08}.Release|Any CPU.Build.0 = Release|Any CPU
		{82EDF7EA-8C0D-4AC2-B567-38FAE6FAA3DC}.Debug|Any CPU.ActiveCfg = Debug|Any CPU
		{82EDF7EA-8C0D-4AC2-B567-38FAE6FAA3DC}.Debug|Any CPU.Build.0 = Debug|Any CPU
		{82EDF7EA-8C0D-4AC2-B567-38FAE6FAA3DC}.Release|Any CPU.ActiveCfg = Release|Any CPU
		{82EDF7EA-8C0D-4AC2-B567-38FAE6FAA3DC}.Release|Any CPU.Build.0 = Release|Any CPU
		{D41641F8-9BF3-4984-A3A6-A5AE6518B66B}.Debug|Any CPU.ActiveCfg = Debug|Any CPU
		{D41641F8-9BF3-4984-A3A6-A5AE6518B66B}.Debug|Any CPU.Build.0 = Debug|Any CPU
		{D41641F8-9BF3-4984-A3A6-A5AE6518B66B}.Release|Any CPU.ActiveCfg = Release|Any CPU
		{D41641F8-9BF3-4984-A3A6-A5AE6518B66B}.Release|Any CPU.Build.0 = Release|Any CPU
		{3F550118-51BB-4782-BB3F-3983FC56F2CC}.Debug|Any CPU.ActiveCfg = Debug|Any CPU
		{3F550118-51BB-4782-BB3F-3983FC56F2CC}.Debug|Any CPU.Build.0 = Debug|Any CPU
		{3F550118-51BB-4782-BB3F-3983FC56F2CC}.Release|Any CPU.ActiveCfg = Release|Any CPU
		{3F550118-51BB-4782-BB3F-3983FC56F2CC}.Release|Any CPU.Build.0 = Release|Any CPU
		{ED81FF93-4223-41B4-A35C-ED4C3FE7567A}.Debug|Any CPU.ActiveCfg = Debug|Any CPU
		{ED81FF93-4223-41B4-A35C-ED4C3FE7567A}.Debug|Any CPU.Build.0 = Debug|Any CPU
		{ED81FF93-4223-41B4-A35C-ED4C3FE7567A}.Release|Any CPU.ActiveCfg = Release|Any CPU
		{ED81FF93-4223-41B4-A35C-ED4C3FE7567A}.Release|Any CPU.Build.0 = Release|Any CPU
	EndGlobalSection
	GlobalSection(SolutionProperties) = preSolution
		HideSolutionNode = FALSE
	EndGlobalSection
	GlobalSection(NestedProjects) = preSolution
		{E6DA99DC-9F73-49EB-AC8C-6DA2A7D35CF1} = {3D9E34B5-4644-41E2-ADF2-49B3FF8A0084}
		{BC7ECC0B-DFDA-4090-A5D0-AE536F9B14D5} = {25F466A7-EDB0-492E-8902-0A757720E0FD}
		{47FEBE19-41F7-44B2-94A9-00E2C31AA626} = {25F466A7-EDB0-492E-8902-0A757720E0FD}
		{5848D1B2-49A2-4D82-AFAA-B4E6A8079FF0} = {25F466A7-EDB0-492E-8902-0A757720E0FD}
		{F027E4A9-08CE-4C1F-9A1F-C52388466D08} = {29232CDB-09F5-4865-A658-357B7434889E}
		{82EDF7EA-8C0D-4AC2-B567-38FAE6FAA3DC} = {E46B9165-C6B7-405A-AD9D-49A140A23246}
		{D41641F8-9BF3-4984-A3A6-A5AE6518B66B} = {77A88758-A8DC-4D51-995B-7E2310FDE975}
		{3F550118-51BB-4782-BB3F-3983FC56F2CC} = {030D6CEB-2BC4-4A5B-BCFC-638355AC1E7B}
		{ED81FF93-4223-41B4-A35C-ED4C3FE7567A} = {25F466A7-EDB0-492E-8902-0A757720E0FD}
	EndGlobalSection
	GlobalSection(ExtensibilityGlobals) = postSolution
		SolutionGuid = {328EF779-5328-4251-9FC2-946EECC3ED2D}
	EndGlobalSection
EndGlobal
