{
  "name": "demo",
  "version": "1.0.1",
  "lockfileVersion": 1,
  "requires": true,
  "dependencies": {
    "@types/node": {
      "version": "12.7.2",
      "resolved": "https://registry.npm.taobao.org/@types/node/download/@types/node-12.7.2.tgz?cache=0&sync_timestamp=1566325318079&other_urls=https%3A%2F%2Fregistry.npm.taobao.org%2F%40types%2Fnode%2Fdownload%2F%40types%2Fnode-12.7.2.tgz",
      "dev": true
    },
    "typescript": {
      "version": "3.3.3333",
      "resolved": "https://registry.npmjs.org/typescript/-/typescript-3.3.3333.tgz",
      "integrity": "sha512-JjSKsAfuHBE/fB2oZ8NxtRTk5iGcg6hkYXMnZ3Wc+b2RSqejEqTaem11mHASMnFilHrax3sLK0GDzcJrekZYLw==",
      "dev": true
    },
    "vant-weapp": {
      "version": "0.5.19",
      "resolved": "https://registry.npmjs.org/vant-weapp/-/vant-weapp-0.5.19.tgz",
      "integrity": "sha512-/ixRsmyPgghw7qFghC/uBih62SK/GJRWxhCvvbnRt/M9w7gCAGS73KPReaQ2vFSqmNqn50gqWb/IpSDP9pYxMQ=="
    }
  }
}
